# This file is automatically @generated by Cargo.
# It is not intended for manual editing.
version = 4

[[package]]
name = "cli"
version = "0.1.0"
dependencies = [
 "kvdb",
 "net",
 "raft",
]

[[package]]
name = "kvdb"
version = "0.1.0"
dependencies = [
 "raft",
]

[[package]]
name = "net"
version = "0.1.0"

[[package]]
name = "raft"
version = "0.1.0"
